
Microsoft Visual Studio Solution File, Format Version 12.00
# Visual Studio 15
Project("{FAE04EC0-301F-11D3-BF4B-00C04F79EFBC}") = "Assembly-CSharp", "Assembly-CSharp.csproj", "{EDE492C8-8DD7-9123-EEA3-5CED5CDEE70D}"
EndProject
Project("{FAE04EC0-301F-11D3-BF4B-00C04F79EFBC}") = "Assembly-CSharp-Editor", "Assembly-CSharp-Editor.csproj", "{20BDA76F-8592-3E48-E764-950E77AD13EE}"
EndProject
Global
	GlobalSection(SolutionConfigurationPlatforms) = preSolution
		Debug|Any CPU = Debug|Any CPU
		Release|Any CPU = Release|Any CPU
	EndGlobalSection
	GlobalSection(ProjectConfigurationPlatforms) = postSolution
		{EDE492C8-8DD7-9123-EEA3-5CED5CDEE70D}.Debug|Any CPU.ActiveCfg = Debug|Any CPU
		{EDE492C8-8DD7-9123-EEA3-5CED5CDEE70D}.Debug|Any CPU.Build.0 = Debug|Any CPU
		{EDE492C8-8DD7-9123-EEA3-5CED5CDEE70D}.Release|Any CPU.ActiveCfg = Release|Any CPU
		{EDE492C8-8DD7-9123-EEA3-5CED5CDEE70D}.Release|Any CPU.Build.0 = Release|Any CPU
		{20BDA76F-8592-3E48-E764-950E77AD13EE}.Debug|Any CPU.ActiveCfg = Debug|Any CPU
		{20BDA76F-8592-3E48-E764-950E77AD13EE}.Debug|Any CPU.Build.0 = Debug|Any CPU
		{20BDA76F-8592-3E48-E764-950E77AD13EE}.Release|Any CPU.ActiveCfg = Release|Any CPU
		{20BDA76F-8592-3E48-E764-950E77AD13EE}.Release|Any CPU.Build.0 = Release|Any CPU
	EndGlobalSection
	GlobalSection(SolutionProperties) = preSolution
		HideSolutionNode = FALSE
	EndGlobalSection
EndGlobal
